
Microsoft Visual Studio Solution File, Format Version 12.00
# Visual Studio Version 17
VisualStudioVersion = 17.9.34701.34
MinimumVisualStudioVersion = 10.0.40219.1
Project("{9A19103F-16F7-4668-BE54-9A1E7A4F7556}") = "CatchCoroutineError", "CatchCoroutineError\CatchCoroutineError.csproj", "{ED189499-4EFD-4FE1-B5D5-CAED4CBA2FCE}"
EndProject
Global
	GlobalSection(SolutionConfigurationPlatforms) = preSolution
		Debug|Any CPU = Debug|Any CPU
		Release|Any CPU = Release|Any CPU
	EndGlobalSection
	GlobalSection(ProjectConfigurationPlatforms) = postSolution
		{ED189499-4EFD-4FE1-B5D5-CAED4CBA2FCE}.Debug|Any CPU.ActiveCfg = Debug|Any CPU
		{ED189499-4EFD-4FE1-B5D5-CAED4CBA2FCE}.Debug|Any CPU.Build.0 = Debug|Any CPU
		{ED189499-4EFD-4FE1-B5D5-CAED4CBA2FCE}.Release|Any CPU.ActiveCfg = Release|Any CPU
		{ED189499-4EFD-4FE1-B5D5-CAED4CBA2FCE}.Release|Any CPU.Build.0 = Release|Any CPU
	EndGlobalSection
	GlobalSection(SolutionProperties) = preSolution
		HideSolutionNode = FALSE
	EndGlobalSection
	GlobalSection(ExtensibilityGlobals) = postSolution
		SolutionGuid = {A438C0DA-7263-44AB-B209-DEF42BF5ACD5}
	EndGlobalSection
EndGlobal
